// !$*UTF8*$!
{
	archiveVersion = 1;
	classes = {
	};
	objectVersion = 56;
	objects = {

/* Begin PBXBuildFile section */
		91DD443F2B5923EE00664ED6 /* CoffeeMastersApp.swift in Sources */ = {isa = PBXBuildFile; fileRef = 91DD443E2B5923EE00664ED6 /* CoffeeMastersApp.swift */; };
		91DD44412B5923EE00664ED6 /* ContentView.swift in Sources */ = {isa = PBXBuildFile; fileRef = 91DD44402B5923EE00664ED6 /* ContentView.swift */; };
		91DD44432B5923EF00664ED6 /* Assets.xcassets in Resources */ = {isa = PBXBuildFile; fileRef = 91DD44422B5923EF00664ED6 /* Assets.xcassets */; };
		91DD44462B5923EF00664ED6 /* Preview Assets.xcassets in Resources */ = {isa = PBXBuildFile; fileRef = 91DD44452B5923EF00664ED6 /* Preview Assets.xcassets */; };
		91DD444F2B59409E00664ED6 /* Offer.swift in Sources */ = {isa = PBXBuildFile; fileRef = 91DD444E2B59409E00664ED6 /* Offer.swift */; };
		91DD44512B597A1D00664ED6 /* OffersPage.swift in Sources */ = {isa = PBXBuildFile; fileRef = 91DD44502B597A1D00664ED6 /* OffersPage.swift */; };
		91DD44552B59813700664ED6 /* MenuPage.swift in Sources */ = {isa = PBXBuildFile; fileRef = 91DD44542B59813700664ED6 /* MenuPage.swift */; };
		91DD44572B59815700664ED6 /* InfoPage.swift in Sources */ = {isa = PBXBuildFile; fileRef = 91DD44562B59815700664ED6 /* InfoPage.swift */; };
		91DD44592B59826A00664ED6 /* OrdersPage.swift in Sources */ = {isa = PBXBuildFile; fileRef = 91DD44582B59826A00664ED6 /* OrdersPage.swift */; };
		91DD445B2B598ED100664ED6 /* ProductItem.swift in Sources */ = {isa = PBXBuildFile; fileRef = 91DD445A2B598ED100664ED6 /* ProductItem.swift */; };
		91DD445D2B59954600664ED6 /* DetailsPage.swift in Sources */ = {isa = PBXBuildFile; fileRef = 91DD445C2B59954600664ED6 /* DetailsPage.swift */; };
		91DD44602B599BB500664ED6 /* Category.swift in Sources */ = {isa = PBXBuildFile; fileRef = 91DD445F2B599BB500664ED6 /* Category.swift */; };
		91DD44622B599BCD00664ED6 /* Product.swift in Sources */ = {isa = PBXBuildFile; fileRef = 91DD44612B599BCD00664ED6 /* Product.swift */; };
		91DD44642B59A3B900664ED6 /* MenuManager.swift in Sources */ = {isa = PBXBuildFile; fileRef = 91DD44632B59A3B900664ED6 /* MenuManager.swift */; };
		91DD44662B5A5D3800664ED6 /* CartManager.swift in Sources */ = {isa = PBXBuildFile; fileRef = 91DD44652B5A5D3800664ED6 /* CartManager.swift */; };
		91DD44682B5A602300664ED6 /* OrderItem.swift in Sources */ = {isa = PBXBuildFile; fileRef = 91DD44672B5A602300664ED6 /* OrderItem.swift */; };
		91DD446B2B5A64A600664ED6 /* Alamofire in Frameworks */ = {isa = PBXBuildFile; productRef = 91DD446A2B5A64A600664ED6 /* Alamofire */; };
/* End PBXBuildFile section */

/* Begin PBXFileReference section */
		9177A9DD2B5A894600E808F9 /* Info.plist */ = {isa = PBXFileReference; lastKnownFileType = text.plist; path = Info.plist; sourceTree = "<group>"; };
		91DD443B2B5923EE00664ED6 /* CoffeeMasters.app */ = {isa = PBXFileReference; explicitFileType = wrapper.application; includeInIndex = 0; path = CoffeeMasters.app; sourceTree = BUILT_PRODUCTS_DIR; };
		91DD443E2B5923EE00664ED6 /* CoffeeMastersApp.swift */ = {isa = PBXFileReference; lastKnownFileType = sourcecode.swift; path = CoffeeMastersApp.swift; sourceTree = "<group>"; };
		91DD44402B5923EE00664ED6 /* ContentView.swift */ = {isa = PBXFileReference; lastKnownFileType = sourcecode.swift; path = ContentView.swift; sourceTree = "<group>"; };
		91DD44422B5923EF00664ED6 /* Assets.xcassets */ = {isa = PBXFileReference; lastKnownFileType = folder.assetcatalog; path = Assets.xcassets; sourceTree = "<group>"; };
		91DD44452B5923EF00664ED6 /* Preview Assets.xcassets */ = {isa = PBXFileReference; lastKnownFileType = folder.assetcatalog; path = "Preview Assets.xcassets"; sourceTree = "<group>"; };
		91DD444E2B59409E00664ED6 /* Offer.swift */ = {isa = PBXFileReference; lastKnownFileType = sourcecode.swift; path = Offer.swift; sourceTree = "<group>"; };
		91DD44502B597A1D00664ED6 /* OffersPage.swift */ = {isa = PBXFileReference; lastKnownFileType = sourcecode.swift; path = OffersPage.swift; sourceTree = "<group>"; };
		91DD44542B59813700664ED6 /* MenuPage.swift */ = {isa = PBXFileReference; lastKnownFileType = sourcecode.swift; path = MenuPage.swift; sourceTree = "<group>"; };
		91DD44562B59815700664ED6 /* InfoPage.swift */ = {isa = PBXFileReference; lastKnownFileType = sourcecode.swift; path = InfoPage.swift; sourceTree = "<group>"; };
		91DD44582B59826A00664ED6 /* OrdersPage.swift */ = {isa = PBXFileReference; lastKnownFileType = sourcecode.swift; path = OrdersPage.swift; sourceTree = "<group>"; };
		91DD445A2B598ED100664ED6 /* ProductItem.swift */ = {isa = PBXFileReference; lastKnownFileType = sourcecode.swift; path = ProductItem.swift; sourceTree = "<group>"; };
		91DD445C2B59954600664ED6 /* DetailsPage.swift */ = {isa = PBXFileReference; fileEncoding = 4; lastKnownFileType = sourcecode.swift; path = DetailsPage.swift; sourceTree = "<group>"; };
		91DD445F2B599BB500664ED6 /* Category.swift */ = {isa = PBXFileReference; lastKnownFileType = sourcecode.swift; path = Category.swift; sourceTree = "<group>"; };
		91DD44612B599BCD00664ED6 /* Product.swift */ = {isa = PBXFileReference; fileEncoding = 4; lastKnownFileType = sourcecode.swift; path = Product.swift; sourceTree = "<group>"; };
		91DD44632B59A3B900664ED6 /* MenuManager.swift */ = {isa = PBXFileReference; fileEncoding = 4; lastKnownFileType = sourcecode.swift; path = MenuManager.swift; sourceTree = "<group>"; };
		91DD44652B5A5D3800664ED6 /* CartManager.swift */ = {isa = PBXFileReference; fileEncoding = 4; lastKnownFileType = sourcecode.swift; path = CartManager.swift; sourceTree = "<group>"; };
		91DD44672B5A602300664ED6 /* OrderItem.swift */ = {isa = PBXFileReference; lastKnownFileType = sourcecode.swift; path = OrderItem.swift; sourceTree = "<group>"; };
/* End PBXFileReference section */

/* Begin PBXFrameworksBuildPhase section */
		91DD44382B5923EE00664ED6 /* Frameworks */ = {
			isa = PBXFrameworksBuildPhase;
			buildActionMask = 2147483647;
			files = (
				91DD446B2B5A64A600664ED6 /* Alamofire in Frameworks */,
			);
			runOnlyForDeploymentPostprocessing = 0;
		};
/* End PBXFrameworksBuildPhase section */

/* Begin PBXGroup section */
		91DD44322B5923EE00664ED6 = {
			isa = PBXGroup;
			children = (
				91DD443D2B5923EE00664ED6 /* CoffeeMasters */,
				91DD443C2B5923EE00664ED6 /* Products */,
			);
			sourceTree = "<group>";
		};
		91DD443C2B5923EE00664ED6 /* Products */ = {
			isa = PBXGroup;
			children = (
				91DD443B2B5923EE00664ED6 /* CoffeeMasters.app */,
			);
			name = Products;
			sourceTree = "<group>";
		};
		91DD443D2B5923EE00664ED6 /* CoffeeMasters */ = {
			isa = PBXGroup;
			children = (
				9177A9DD2B5A894600E808F9 /* Info.plist */,
				91DD445E2B599B9400664ED6 /* Model */,
				91DD44532B59807D00664ED6 /* Pages */,
				91DD44522B59805E00664ED6 /* Components */,
				91DD443E2B5923EE00664ED6 /* CoffeeMastersApp.swift */,
				91DD44402B5923EE00664ED6 /* ContentView.swift */,
				91DD44422B5923EF00664ED6 /* Assets.xcassets */,
				91DD44442B5923EF00664ED6 /* Preview Content */,
			);
			path = CoffeeMasters;
			sourceTree = "<group>";
		};
		91DD44442B5923EF00664ED6 /* Preview Content */ = {
			isa = PBXGroup;
			children = (
				91DD44452B5923EF00664ED6 /* Preview Assets.xcassets */,
			);
			path = "Preview Content";
			sourceTree = "<group>";
		};
		91DD44522B59805E00664ED6 /* Components */ = {
			isa = PBXGroup;
			children = (
				91DD444E2B59409E00664ED6 /* Offer.swift */,
				91DD445A2B598ED100664ED6 /* ProductItem.swift */,
				91DD44672B5A602300664ED6 /* OrderItem.swift */,
			);
			path = Components;
			sourceTree = "<group>";
		};
		91DD44532B59807D00664ED6 /* Pages */ = {
			isa = PBXGroup;
			children = (
				91DD44502B597A1D00664ED6 /* OffersPage.swift */,
				91DD44542B59813700664ED6 /* MenuPage.swift */,
				91DD44562B59815700664ED6 /* InfoPage.swift */,
				91DD445C2B59954600664ED6 /* DetailsPage.swift */,
				91DD44582B59826A00664ED6 /* OrdersPage.swift */,
			);
			path = Pages;
			sourceTree = "<group>";
		};
		91DD445E2B599B9400664ED6 /* Model */ = {
			isa = PBXGroup;
			children = (
				91DD445F2B599BB500664ED6 /* Category.swift */,
				91DD44632B59A3B900664ED6 /* MenuManager.swift */,
				91DD44652B5A5D3800664ED6 /* CartManager.swift */,
				91DD44612B599BCD00664ED6 /* Product.swift */,
			);
			path = Model;
			sourceTree = "<group>";
		};
/* End PBXGroup section */

/* Begin PBXNativeTarget section */
		91DD443A2B5923EE00664ED6 /* CoffeeMasters */ = {
			isa = PBXNativeTarget;
			buildConfigurationList = 91DD44492B5923EF00664ED6 /* Build configuration list for PBXNativeTarget "CoffeeMasters" */;
			buildPhases = (
				91DD44372B5923EE00664ED6 /* Sources */,
				91DD44382B5923EE00664ED6 /* Frameworks */,
				91DD44392B5923EE00664ED6 /* Resources */,
			);
			buildRules = (
			);
			dependencies = (
			);
			name = CoffeeMasters;
			packageProductDependencies = (
				91DD446A2B5A64A600664ED6 /* Alamofire */,
			);
			productName = CoffeeMasters;
			productReference = 91DD443B2B5923EE00664ED6 /* CoffeeMasters.app */;
			productType = "com.apple.product-type.application";
		};
/* End PBXNativeTarget section */

/* Begin PBXProject section */
		91DD44332B5923EE00664ED6 /* Project object */ = {
			isa = PBXProject;
			attributes = {
				BuildIndependentTargetsInParallel = 1;
				LastSwiftUpdateCheck = 1520;
				LastUpgradeCheck = 1520;
				TargetAttributes = {
					91DD443A2B5923EE00664ED6 = {
						CreatedOnToolsVersion = 15.2;
					};
				};
			};
			buildConfigurationList = 91DD44362B5923EE00664ED6 /* Build configuration list for PBXProject "CoffeeMasters" */;
			compatibilityVersion = "Xcode 14.0";
			developmentRegion = en;
			hasScannedForEncodings = 0;
			knownRegions = (
				en,
				Base,
			);
			mainGroup = 91DD44322B5923EE00664ED6;
			packageReferences = (
				91DD44692B5A64A600664ED6 /* XCRemoteSwiftPackageReference "Alamofire" */,
			);
			productRefGroup = 91DD443C2B5923EE00664ED6 /* Products */;
			projectDirPath = "";
			projectRoot = "";
			targets = (
				91DD443A2B5923EE00664ED6 /* CoffeeMasters */,
			);
		};
/* End PBXProject section */

/* Begin PBXResourcesBuildPhase section */
		91DD44392B5923EE00664ED6 /* Resources */ = {
			isa = PBXResourcesBuildPhase;
			buildActionMask = 2147483647;
			files = (
				91DD44462B5923EF00664ED6 /* Preview Assets.xcassets in Resources */,
				91DD44432B5923EF00664ED6 /* Assets.xcassets in Resources */,
			);
			runOnlyForDeploymentPostprocessing = 0;
		};
/* End PBXResourcesBuildPhase section */

/* Begin PBXSourcesBuildPhase section */
		91DD44372B5923EE00664ED6 /* Sources */ = {
			isa = PBXSourcesBuildPhase;
			buildActionMask = 2147483647;
			files = (
				91DD444F2B59409E00664ED6 /* Offer.swift in Sources */,
				91DD44662B5A5D3800664ED6 /* CartManager.swift in Sources */,
				91DD44642B59A3B900664ED6 /* MenuManager.swift in Sources */,
				91DD44602B599BB500664ED6 /* Category.swift in Sources */,
				91DD44512B597A1D00664ED6 /* OffersPage.swift in Sources */,
				91DD44572B59815700664ED6 /* InfoPage.swift in Sources */,
				91DD445D2B59954600664ED6 /* DetailsPage.swift in Sources */,
				91DD44412B5923EE00664ED6 /* ContentView.swift in Sources */,
				91DD445B2B598ED100664ED6 /* ProductItem.swift in Sources */,
				91DD44682B5A602300664ED6 /* OrderItem.swift in Sources */,
				91DD443F2B5923EE00664ED6 /* CoffeeMastersApp.swift in Sources */,
				91DD44592B59826A00664ED6 /* OrdersPage.swift in Sources */,
				91DD44552B59813700664ED6 /* MenuPage.swift in Sources */,
				91DD44622B599BCD00664ED6 /* Product.swift in Sources */,
			);
			runOnlyForDeploymentPostprocessing = 0;
		};
/* End PBXSourcesBuildPhase section */

/* Begin XCBuildConfiguration section */
		91DD44472B5923EF00664ED6 /* Debug */ = {
			isa = XCBuildConfiguration;
			buildSettings = {
				ALWAYS_SEARCH_USER_PATHS = NO;
				ASSETCATALOG_COMPILER_GENERATE_SWIFT_ASSET_SYMBOL_EXTENSIONS = YES;
				CLANG_ANALYZER_NONNULL = YES;
				CLANG_ANALYZER_NUMBER_OBJECT_CONVERSION = YES_AGGRESSIVE;
				CLANG_CXX_LANGUAGE_STANDARD = "gnu++20";
				CLANG_ENABLE_MODULES = YES;
				CLANG_ENABLE_OBJC_ARC = YES;
				CLANG_ENABLE_OBJC_WEAK = YES;
				CLANG_WARN_BLOCK_CAPTURE_AUTORELEASING = YES;
				CLANG_WARN_BOOL_CONVERSION = YES;
				CLANG_WARN_COMMA = YES;
				CLANG_WARN_CONSTANT_CONVERSION = YES;
				CLANG_WARN_DEPRECATED_OBJC_IMPLEMENTATIONS = YES;
				CLANG_WARN_DIRECT_OBJC_ISA_USAGE = YES_ERROR;
				CLANG_WARN_DOCUMENTATION_COMMENTS = YES;
				CLANG_WARN_EMPTY_BODY = YES;
				CLANG_WARN_ENUM_CONVERSION = YES;
				CLANG_WARN_INFINITE_RECURSION = YES;
				CLANG_WARN_INT_CONVERSION = YES;
				CLANG_WARN_NON_LITERAL_NULL_CONVERSION = YES;
				CLANG_WARN_OBJC_IMPLICIT_RETAIN_SELF = YES;
				CLANG_WARN_OBJC_LITERAL_CONVERSION = YES;
				CLANG_WARN_OBJC_ROOT_CLASS = YES_ERROR;
				CLANG_WARN_QUOTED_INCLUDE_IN_FRAMEWORK_HEADER = YES;
				CLANG_WARN_RANGE_LOOP_ANALYSIS = YES;
				CLANG_WARN_STRICT_PROTOTYPES = YES;
				CLANG_WARN_SUSPICIOUS_MOVE = YES;
				CLANG_WARN_UNGUARDED_AVAILABILITY = YES_AGGRESSIVE;
				CLANG_WARN_UNREACHABLE_CODE = YES;
				CLANG_WARN__DUPLICATE_METHOD_MATCH = YES;
				COPY_PHASE_STRIP = NO;
				DEBUG_INFORMATION_FORMAT = dwarf;
				ENABLE_STRICT_OBJC_MSGSEND = YES;
				ENABLE_TESTABILITY = YES;
				ENABLE_USER_SCRIPT_SANDBOXING = YES;
				GCC_C_LANGUAGE_STANDARD = gnu17;
				GCC_DYNAMIC_NO_PIC = NO;
				GCC_NO_COMMON_BLOCKS = YES;
				GCC_OPTIMIZATION_LEVEL = 0;
				GCC_PREPROCESSOR_DEFINITIONS = (
					"DEBUG=1",
					"$(inherited)",
				);
				GCC_WARN_64_TO_32_BIT_CONVERSION = YES;
				GCC_WARN_ABOUT_RETURN_TYPE = YES_ERROR;
				GCC_WARN_UNDECLARED_SELECTOR = YES;
				GCC_WARN_UNINITIALIZED_AUTOS = YES_AGGRESSIVE;
				GCC_WARN_UNUSED_FUNCTION = YES;
				GCC_WARN_UNUSED_VARIABLE = YES;
				IPHONEOS_DEPLOYMENT_TARGET = 17.2;
				LOCALIZATION_PREFERS_STRING_CATALOGS = YES;
				MTL_ENABLE_DEBUG_INFO = INCLUDE_SOURCE;
				MTL_FAST_MATH = YES;
				ONLY_ACTIVE_ARCH = YES;
				SDKROOT = iphoneos;
				SWIFT_ACTIVE_COMPILATION_CONDITIONS = "DEBUG $(inherited)";
				SWIFT_OPTIMIZATION_LEVEL = "-Onone";
			};
			name = Debug;
		};
		91DD44482B5923EF00664ED6 /* Release */ = {
			isa = XCBuildConfiguration;
			buildSettings = {
				ALWAYS_SEARCH_USER_PATHS = NO;
				ASSETCATALOG_COMPILER_GENERATE_SWIFT_ASSET_SYMBOL_EXTENSIONS = YES;
				CLANG_ANALYZER_NONNULL = YES;
				CLANG_ANALYZER_NUMBER_OBJECT_CONVERSION = YES_AGGRESSIVE;
				CLANG_CXX_LANGUAGE_STANDARD = "gnu++20";
				CLANG_ENABLE_MODULES = YES;
				CLANG_ENABLE_OBJC_ARC = YES;
				CLANG_ENABLE_OBJC_WEAK = YES;
				CLANG_WARN_BLOCK_CAPTURE_AUTORELEASING = YES;
				CLANG_WARN_BOOL_CONVERSION = YES;
				CLANG_WARN_COMMA = YES;
				CLANG_WARN_CONSTANT_CONVERSION = YES;
				CLANG_WARN_DEPRECATED_OBJC_IMPLEMENTATIONS = YES;
				CLANG_WARN_DIRECT_OBJC_ISA_USAGE = YES_ERROR;
				CLANG_WARN_DOCUMENTATION_COMMENTS = YES;
				CLANG_WARN_EMPTY_BODY = YES;
				CLANG_WARN_ENUM_CONVERSION = YES;
				CLANG_WARN_INFINITE_RECURSION = YES;
				CLANG_WARN_INT_CONVERSION = YES;
				CLANG_WARN_NON_LITERAL_NULL_CONVERSION = YES;
				CLANG_WARN_OBJC_IMPLICIT_RETAIN_SELF = YES;
				CLANG_WARN_OBJC_LITERAL_CONVERSION = YES;
				CLANG_WARN_OBJC_ROOT_CLASS = YES_ERROR;
				CLANG_WARN_QUOTED_INCLUDE_IN_FRAMEWORK_HEADER = YES;
				CLANG_WARN_RANGE_LOOP_ANALYSIS = YES;
				CLANG_WARN_STRICT_PROTOTYPES = YES;
				CLANG_WARN_SUSPICIOUS_MOVE = YES;
				CLANG_WARN_UNGUARDED_AVAILABILITY = YES_AGGRESSIVE;
				CLANG_WARN_UNREACHABLE_CODE = YES;
				CLANG_WARN__DUPLICATE_METHOD_MATCH = YES;
				COPY_PHASE_STRIP = NO;
				DEBUG_INFORMATION_FORMAT = "dwarf-with-dsym";
				ENABLE_NS_ASSERTIONS = NO;
				ENABLE_STRICT_OBJC_MSGSEND = YES;
				ENABLE_USER_SCRIPT_SANDBOXING = YES;
				GCC_C_LANGUAGE_STANDARD = gnu17;
				GCC_NO_COMMON_BLOCKS = YES;
				GCC_WARN_64_TO_32_BIT_CONVERSION = YES;
				GCC_WARN_ABOUT_RETURN_TYPE = YES_ERROR;
				GCC_WARN_UNDECLARED_SELECTOR = YES;
				GCC_WARN_UNINITIALIZED_AUTOS = YES_AGGRESSIVE;
				GCC_WARN_UNUSED_FUNCTION = YES;
				GCC_WARN_UNUSED_VARIABLE = YES;
				IPHONEOS_DEPLOYMENT_TARGET = 17.2;
				LOCALIZATION_PREFERS_STRING_CATALOGS = YES;
				MTL_ENABLE_DEBUG_INFO = NO;
				MTL_FAST_MATH = YES;
				SDKROOT = iphoneos;
				SWIFT_COMPILATION_MODE = wholemodule;
				VALIDATE_PRODUCT = YES;
			};
			name = Release;
		};
		91DD444A2B5923EF00664ED6 /* Debug */ = {
			isa = XCBuildConfiguration;
			buildSettings = {
				ASSETCATALOG_COMPILER_APPICON_NAME = AppIcon;
				ASSETCATALOG_COMPILER_GLOBAL_ACCENT_COLOR_NAME = AccentColor;
				CODE_SIGN_STYLE = Automatic;
				CURRENT_PROJECT_VERSION = 1;
				DEVELOPMENT_ASSET_PATHS = "\"CoffeeMasters/Preview Content\"";
				ENABLE_PREVIEWS = YES;
				GENERATE_INFOPLIST_FILE = YES;
				INFOPLIST_FILE = CoffeeMasters/Info.plist;
				INFOPLIST_KEY_UIApplicationSceneManifest_Generation = YES;
				INFOPLIST_KEY_UIApplicationSupportsIndirectInputEvents = YES;
				INFOPLIST_KEY_UISupportedInterfaceOrientations_iPad = "UIInterfaceOrientationPortrait UIInterfaceOrientationPortraitUpsideDown UIInterfaceOrientationLandscapeLeft UIInterfaceOrientationLandscapeRight";
				INFOPLIST_KEY_UISupportedInterfaceOrientations_iPhone = "UIInterfaceOrientationPortrait UIInterfaceOrientationLandscapeLeft UIInterfaceOrientationLandscapeRight";
				LD_RUNPATH_SEARCH_PATHS = (
					"$(inherited)",
					"@executable_path/Frameworks",
				);
				MARKETING_VERSION = 1.0;
				PRODUCT_BUNDLE_IDENTIFIER = ciaran.frontendmasters.CoffeeMasters;
				PRODUCT_NAME = "$(TARGET_NAME)";
				SWIFT_EMIT_LOC_STRINGS = YES;
				SWIFT_VERSION = 5.0;
				TARGETED_DEVICE_FAMILY = "1,2";
			};
			name = Debug;
		};
		91DD444B2B5923EF00664ED6 /* Release */ = {
			isa = XCBuildConfiguration;
			buildSettings = {
				ASSETCATALOG_COMPILER_APPICON_NAME = AppIcon;
				ASSETCATALOG_COMPILER_GLOBAL_ACCENT_COLOR_NAME = AccentColor;
				CODE_SIGN_STYLE = Automatic;
				CURRENT_PROJECT_VERSION = 1;
				DEVELOPMENT_ASSET_PATHS = "\"CoffeeMasters/Preview Content\"";
				ENABLE_PREVIEWS = YES;
				GENERATE_INFOPLIST_FILE = YES;
				INFOPLIST_FILE = CoffeeMasters/Info.plist;
				INFOPLIST_KEY_UIApplicationSceneManifest_Generation = YES;
				INFOPLIST_KEY_UIApplicationSupportsIndirectInputEvents = YES;
				INFOPLIST_KEY_UISupportedInterfaceOrientations_iPad = "UIInterfaceOrientationPortrait UIInterfaceOrientationPortraitUpsideDown UIInterfaceOrientationLandscapeLeft UIInterfaceOrientationLandscapeRight";
				INFOPLIST_KEY_UISupportedInterfaceOrientations_iPhone = "UIInterfaceOrientationPortrait UIInterfaceOrientationLandscapeLeft UIInterfaceOrientationLandscapeRight";
				LD_RUNPATH_SEARCH_PATHS = (
					"$(inherited)",
					"@executable_path/Frameworks",
				);
				MARKETING_VERSION = 1.0;
				PRODUCT_BUNDLE_IDENTIFIER = ciaran.frontendmasters.CoffeeMasters;
				PRODUCT_NAME = "$(TARGET_NAME)";
				SWIFT_EMIT_LOC_STRINGS = YES;
				SWIFT_VERSION = 5.0;
				TARGETED_DEVICE_FAMILY = "1,2";
			};
			name = Release;
		};
/* End XCBuildConfiguration section */

/* Begin XCConfigurationList section */
		91DD44362B5923EE00664ED6 /* Build configuration list for PBXProject "CoffeeMasters" */ = {
			isa = XCConfigurationList;
			buildConfigurations = (
				91DD44472B5923EF00664ED6 /* Debug */,
				91DD44482B5923EF00664ED6 /* Release */,
			);
			defaultConfigurationIsVisible = 0;
			defaultConfigurationName = Release;
		};
		91DD44492B5923EF00664ED6 /* Build configuration list for PBXNativeTarget "CoffeeMasters" */ = {
			isa = XCConfigurationList;
			buildConfigurations = (
				91DD444A2B5923EF00664ED6 /* Debug */,
				91DD444B2B5923EF00664ED6 /* Release */,
			);
			defaultConfigurationIsVisible = 0;
			defaultConfigurationName = Release;
		};
/* End XCConfigurationList section */

/* Begin XCRemoteSwiftPackageReference section */
		91DD44692B5A64A600664ED6 /* XCRemoteSwiftPackageReference "Alamofire" */ = {
			isa = XCRemoteSwiftPackageReference;
			repositoryURL = "https://github.com/Alamofire/Alamofire.git";
			requirement = {
				kind = upToNextMajorVersion;
				minimumVersion = 5.8.1;
			};
		};
/* End XCRemoteSwiftPackageReference section */

/* Begin XCSwiftPackageProductDependency section */
		91DD446A2B5A64A600664ED6 /* Alamofire */ = {
			isa = XCSwiftPackageProductDependency;
			package = 91DD44692B5A64A600664ED6 /* XCRemoteSwiftPackageReference "Alamofire" */;
			productName = Alamofire;
		};
/* End XCSwiftPackageProductDependency section */
	};
	rootObject = 91DD44332B5923EE00664ED6 /* Project object */;
}
